
Microsoft Visual Studio Solution File, Format Version 12.00
# Visual Studio Version 17
VisualStudioVersion = 17.10.35013.160
MinimumVisualStudioVersion = 10.0.40219.1
Project("{FAE04EC0-301F-11D3-BF4B-00C04F79EFBC}") = "BmiCalculator", "BmiCalculator.csproj", "{F2DEF099-6F3C-48EB-B0B2-49C006805D96}"
EndProject
Global
	GlobalSection(SolutionConfigurationPlatforms) = preSolution
		Debug|Any CPU = Debug|Any CPU
		Release|Any CPU = Release|Any CPU
	EndGlobalSection
	GlobalSection(ProjectConfigurationPlatforms) = postSolution
		{F2DEF099-6F3C-48EB-B0B2-49C006805D96}.Debug|Any CPU.ActiveCfg = Debug|Any CPU
		{F2DEF099-6F3C-48EB-B0B2-49C006805D96}.Debug|Any CPU.Build.0 = Debug|Any CPU
		{F2DEF099-6F3C-48EB-B0B2-49C006805D96}.Release|Any CPU.ActiveCfg = Release|Any CPU
		{F2DEF099-6F3C-48EB-B0B2-49C006805D96}.Release|Any CPU.Build.0 = Release|Any CPU
	EndGlobalSection
	GlobalSection(SolutionProperties) = preSolution
		HideSolutionNode = FALSE
	EndGlobalSection
	GlobalSection(ExtensibilityGlobals) = postSolution
		SolutionGuid = {03BAEF8B-AFC2-4582-9505-0C530904CF10}
	EndGlobalSection
EndGlobal
